version = 1

[tools.foragers.cargo]
github = "wezel-build/forager_cargo"
tag = "nightly-2026-04-29-0d244ab"

[tools.foragers.cargo.assets]
aarch64-apple-darwin = "sha256:291d5349b3d745bc50cd7e9349fcb8d02964343a448b3cda07cf31c1c37cfaa8"

[tools.foragers.exec]
github = "wezel-build/forager_exec"
tag = "nightly-2026-04-29-6e41053"

[tools.foragers.exec.assets]
aarch64-apple-darwin = "sha256:f06c20c3c2a5d8cff477bd8e067c5995f4b83af7690aa642f8caa6320c6c3516"

[tools.foragers.llvm-lines]
github = "wezel-build/forager_llvm_lines"
tag = "nightly-2026-04-28-b38c0d9"

[tools.foragers.llvm-lines.assets]
aarch64-apple-darwin = "sha256:8f24c465222ca49853474a772bd855efecdf67ce4f2a63c16d38f26da2de87c8"
